
Microsoft Visual Studio Solution File, Format Version 12.00
# Visual Studio 15
VisualStudioVersion = 15.0.27130.2027
MinimumVisualStudioVersion = 10.0.40219.1
Project("{FAE04EC0-301F-11D3-BF4B-00C04F79EFBC}") = "tom", "tom\tom.csproj", "{A5FC34BA-C4D1-44F8-93DA-D511F2511E78}"
EndProject
Global
	GlobalSection(SolutionConfigurationPlatforms) = preSolution
		Debug|Any CPU = Debug|Any CPU
		Release|Any CPU = Release|Any CPU
	EndGlobalSection
	GlobalSection(ProjectConfigurationPlatforms) = postSolution
		{A5FC34BA-C4D1-44F8-93DA-D511F2511E78}.Debug|Any CPU.ActiveCfg = Debug|Any CPU
		{A5FC34BA-C4D1-44F8-93DA-D511F2511E78}.Debug|Any CPU.Build.0 = Debug|Any CPU
		{A5FC34BA-C4D1-44F8-93DA-D511F2511E78}.Release|Any CPU.ActiveCfg = Release|Any CPU
		{A5FC34BA-C4D1-44F8-93DA-D511F2511E78}.Release|Any CPU.Build.0 = Release|Any CPU
	EndGlobalSection
	GlobalSection(SolutionProperties) = preSolution
		HideSolutionNode = FALSE
	EndGlobalSection
	GlobalSection(ExtensibilityGlobals) = postSolution
		SolutionGuid = {8F7C09DF-F79E-47CC-B2BA-BC74F8FD897A}
	EndGlobalSection
EndGlobal
